
Microsoft Visual Studio Solution File, Format Version 12.00
# Visual Studio Version 17
VisualStudioVersion = 17.5.002.0
MinimumVisualStudioVersion = 10.0.40219.1
Project("{9A19103F-16F7-4668-BE54-9A1E7A4F7556}") = "day02", "day02.csproj", "{9C10C7F3-3320-41B4-BF6C-9E476AF78388}"
EndProject
Global
	GlobalSection(SolutionConfigurationPlatforms) = preSolution
		Debug|Any CPU = Debug|Any CPU
		Release|Any CPU = Release|Any CPU
	EndGlobalSection
	GlobalSection(ProjectConfigurationPlatforms) = postSolution
		{9C10C7F3-3320-41B4-BF6C-9E476AF78388}.Debug|Any CPU.ActiveCfg = Debug|Any CPU
		{9C10C7F3-3320-41B4-BF6C-9E476AF78388}.Debug|Any CPU.Build.0 = Debug|Any CPU
		{9C10C7F3-3320-41B4-BF6C-9E476AF78388}.Release|Any CPU.ActiveCfg = Release|Any CPU
		{9C10C7F3-3320-41B4-BF6C-9E476AF78388}.Release|Any CPU.Build.0 = Release|Any CPU
	EndGlobalSection
	GlobalSection(SolutionProperties) = preSolution
		HideSolutionNode = FALSE
	EndGlobalSection
	GlobalSection(ExtensibilityGlobals) = postSolution
		SolutionGuid = {1574F71B-1066-4046-B972-53BE9C6CFA70}
	EndGlobalSection
EndGlobal
